<?xml version="1.0" encoding="UTF-8" standalone="yes" ?>
<CodeBlocks_project_file>
	<FileVersion major="1" minor="6" />
	<Project>
		<Option title="YATC" />
		<Option pch_mode="2" />
		<Option compiler="gcc" />
		<Build>
			<Target title="Debug">
				<Option output="./yatc" prefix_auto="1" extension_auto="1" />
				<Option object_output=".objs/" />
				<Option type="1" />
				<Option compiler="gcc" />
				<Compiler>
					<Add option="-g" />
				</Compiler>
			</Target>
			<Target title="Release">
				<Option output="./yatc" prefix_auto="1" extension_auto="1" />
				<Option object_output=".objsrelease/" />
				<Option type="1" />
				<Option compiler="gcc" />
				<Compiler>
					<Add option="-O2" />
				</Compiler>
				<Linker>
					<Add option="-s" />
				</Linker>
			</Target>
		</Build>
		<Compiler>
			<Add option="-Wall" />
			<Add option="-DDEBUGLEVEL_BUILDTIME=0" />
		</Compiler>
		<Linker>
			<Add library="SDL" />
			<Add library="GL" />
			<Add library="GLU" />
			<Add library="GLICT" />
		</Linker>
		<Unit filename="README" />
		<Unit filename="assert.h" />
		<Unit filename="container.cpp" />
		<Unit filename="container.h" />
		<Unit filename="creature.cpp" />
		<Unit filename="creature.h" />
		<Unit filename="debugprint.cpp" />
		<Unit filename="debugprint.h" />
		<Unit filename="defines.h" />
		<Unit filename="engine.cpp" />
		<Unit filename="engine.h" />
		<Unit filename="enginegl.cpp" />
		<Unit filename="enginegl.h" />
		<Unit filename="enginesdl.cpp" />
		<Unit filename="enginesdl.h" />
		<Unit filename="gamemode.cpp" />
		<Unit filename="gamemode.h" />
		<Unit filename="gm_mainmenu.cpp" />
		<Unit filename="gm_mainmenu.h" />
		<Unit filename="inventory.cpp" />
		<Unit filename="inventory.h" />
		<Unit filename="item.cpp" />
		<Unit filename="item.h" />
		<Unit filename="main.cpp" />
		<Unit filename="map.cpp" />
		<Unit filename="map.h" />
		<Unit filename="objects.cpp" />
		<Unit filename="objects.h" />
		<Unit filename="options.cpp" />
		<Unit filename="options.h" />
		<Unit filename="sprite.cpp" />
		<Unit filename="sprite.h" />
		<Unit filename="spritegl.cpp" />
		<Unit filename="spritegl.h" />
		<Unit filename="spritesdl.cpp" />
		<Unit filename="spritesdl.h" />
		<Unit filename="thing.h" />
		<Unit filename="util.cpp" />
		<Unit filename="util.h" />
		<Extensions>
			<code_completion />
		</Extensions>
	</Project>
</CodeBlocks_project_file>
