<?xml version="1.0" encoding="UTF-8" standalone="yes" ?>
<CodeBlocks_project_file>
	<FileVersion major="1" minor="6" />
	<Project>
		<Option title="YATC" />
		<Option pch_mode="2" />
		<Option compiler="gcc" />
		<Build>
			<Target title="Debug">
				<Option output="yatc" prefix_auto="1" extension_auto="1" />
				<Option object_output=".objs/" />
				<Option type="1" />
				<Option compiler="gcc" />
				<Compiler>
					<Add option="-g3" />
					<Add option="-DUSEASSERT" />
				</Compiler>
			</Target>
			<Target title="Release">
				<Option output="yatc" prefix_auto="1" extension_auto="1" />
				<Option object_output=".objsrelease/" />
				<Option type="1" />
				<Option compiler="gcc" />
				<Compiler>
					<Add option="-O2" />
				</Compiler>
				<Linker>
					<Add option="-s" />
				</Linker>
			</Target>
		</Build>
		<Compiler>
			<Add option="-Wall" />
			<Add option="-DDEBUGLEVEL_BUILDTIME=0" />
			<Add option="-DUSE_SDLGFX" />
			<Add option="-DUSE_OPENGL" />
			<Add directory="." />
		</Compiler>
		<Linker>
			<Add library="SDL" />
			<Add library="GL" />
			<Add library="GLU" />
			<Add library="GLICT" />
			<Add library="gmp" />
			<Add library="SDL_gfx" />
		</Linker>
		<Unit filename="LICENSE" />
		<Unit filename="README" />
		<Unit filename="codeguide.txt" />
		<Unit filename="confighandler.cpp" />
		<Unit filename="confighandler.h" />
		<Unit filename="debugprint.cpp" />
		<Unit filename="debugprint.h" />
		<Unit filename="defines.h" />
		<Unit filename="engine.cpp" />
		<Unit filename="engine.h" />
		<Unit filename="enginegl.cpp" />
		<Unit filename="enginegl.h" />
		<Unit filename="enginesdl.cpp" />
		<Unit filename="enginesdl.h" />
		<Unit filename="fassert.h" />
		<Unit filename="font.cpp" />
		<Unit filename="font.h" />
		<Unit filename="gamecontent/container.cpp" />
		<Unit filename="gamecontent/container.h" />
		<Unit filename="gamecontent/creature.cpp" />
		<Unit filename="gamecontent/creature.h" />
		<Unit filename="gamecontent/enums.h" />
		<Unit filename="gamecontent/globalvars.cpp" />
		<Unit filename="gamecontent/globalvars.h" />
		<Unit filename="gamecontent/inventory.cpp" />
		<Unit filename="gamecontent/inventory.h" />
		<Unit filename="gamecontent/item.cpp" />
		<Unit filename="gamecontent/item.h" />
		<Unit filename="gamecontent/map.cpp" />
		<Unit filename="gamecontent/map.h" />
		<Unit filename="gamecontent/thing.h" />
		<Unit filename="gamemode.cpp" />
		<Unit filename="gamemode.h" />
		<Unit filename="gm_debug.cpp">
			<Option target="Debug" />
		</Unit>
		<Unit filename="gm_debug.h">
			<Option target="Debug" />
		</Unit>
		<Unit filename="gm_gameworld.cpp" />
		<Unit filename="gm_gameworld.h" />
		<Unit filename="gm_mainmenu.cpp" />
		<Unit filename="gm_mainmenu.h" />
		<Unit filename="itemui.cpp" />
		<Unit filename="itemui.h" />
		<Unit filename="main.cpp" />
		<Unit filename="net/connection.cpp" />
		<Unit filename="net/connection.h" />
		<Unit filename="net/encryption.cpp" />
		<Unit filename="net/encryption.h" />
		<Unit filename="net/networkmessage.cpp" />
		<Unit filename="net/networkmessage.h" />
		<Unit filename="net/protocolgame.cpp" />
		<Unit filename="net/protocolgame.h" />
		<Unit filename="net/protocolgame80.cpp" />
		<Unit filename="net/protocolgame80.h" />
		<Unit filename="net/protocollogin.cpp" />
		<Unit filename="net/protocollogin.h" />
		<Unit filename="net/rsa.cpp" />
		<Unit filename="net/rsa.h" />
		<Unit filename="notifications.cpp" />
		<Unit filename="notifications.h" />
		<Unit filename="objects.cpp" />
		<Unit filename="objects.h" />
		<Unit filename="options.cpp" />
		<Unit filename="options.h" />
		<Unit filename="skin.cpp" />
		<Unit filename="skin.h" />
		<Unit filename="sprdata.c">
			<Option compilerVar="CC" />
		</Unit>
		<Unit filename="sprdata.h" />
		<Unit filename="sprite.cpp" />
		<Unit filename="sprite.h" />
		<Unit filename="spritegl.cpp" />
		<Unit filename="spritegl.h" />
		<Unit filename="spritesdl.cpp" />
		<Unit filename="spritesdl.h" />
		<Unit filename="thingui.cpp" />
		<Unit filename="thingui.h" />
		<Unit filename="ui/charlist.h" />
		<Unit filename="ui/login.h" />
		<Unit filename="ui/mainmenu.h" />
		<Unit filename="ui/options.h" />
		<Unit filename="ui/optionsgeneral.h" />
		<Unit filename="ui/optionsgraphics.h" />
		<Unit filename="ui/optionsnetwork.h" />
		<Unit filename="util.cpp" />
		<Unit filename="util.h" />
		<Unit filename="yatc.cfg" />
		<Extensions>
			<code_completion />
			<envvars />
			<debugger />
		</Extensions>
	</Project>
</CodeBlocks_project_file>
